
Microsoft Visual Studio Solution File, Format Version 11.00
# Visual C# Express 2010
Project("{FAE04EC0-301F-11D3-BF4B-00C04F79EFBC}") = "CSharpStudy0._20151217160000", "CSharpStudy0._20151217160000\CSharpStudy0._20151217160000.csproj", "{3F2276B6-BE05-4DD3-A135-7BBFBD33627A}"
EndProject
Project("{FAE04EC0-301F-11D3-BF4B-00C04F79EFBC}") = "CSharpStudy0._20151217160000Test", "CSharpStudy0._20151217160000Test\CSharpStudy0._20151217160000Test.csproj", "{E13651FD-91C8-4DC8-AF95-E8EB1BF7F861}"
EndProject
Global
	GlobalSection(SolutionConfigurationPlatforms) = preSolution
		Debug|Any CPU = Debug|Any CPU
		Debug|Mixed Platforms = Debug|Mixed Platforms
		Debug|x86 = Debug|x86
		Release|Any CPU = Release|Any CPU
		Release|Mixed Platforms = Release|Mixed Platforms
		Release|x86 = Release|x86
	EndGlobalSection
	GlobalSection(ProjectConfigurationPlatforms) = postSolution
		{3F2276B6-BE05-4DD3-A135-7BBFBD33627A}.Debug|Any CPU.ActiveCfg = Debug|Any CPU
		{3F2276B6-BE05-4DD3-A135-7BBFBD33627A}.Debug|Any CPU.Build.0 = Debug|Any CPU
		{3F2276B6-BE05-4DD3-A135-7BBFBD33627A}.Debug|Mixed Platforms.ActiveCfg = Debug|Any CPU
		{3F2276B6-BE05-4DD3-A135-7BBFBD33627A}.Debug|Mixed Platforms.Build.0 = Debug|Any CPU
		{3F2276B6-BE05-4DD3-A135-7BBFBD33627A}.Debug|x86.ActiveCfg = Debug|Any CPU
		{3F2276B6-BE05-4DD3-A135-7BBFBD33627A}.Release|Any CPU.ActiveCfg = Release|Any CPU
		{3F2276B6-BE05-4DD3-A135-7BBFBD33627A}.Release|Any CPU.Build.0 = Release|Any CPU
		{3F2276B6-BE05-4DD3-A135-7BBFBD33627A}.Release|Mixed Platforms.ActiveCfg = Release|Any CPU
		{3F2276B6-BE05-4DD3-A135-7BBFBD33627A}.Release|Mixed Platforms.Build.0 = Release|Any CPU
		{3F2276B6-BE05-4DD3-A135-7BBFBD33627A}.Release|x86.ActiveCfg = Release|Any CPU
		{E13651FD-91C8-4DC8-AF95-E8EB1BF7F861}.Debug|Any CPU.ActiveCfg = Debug|x86
		{E13651FD-91C8-4DC8-AF95-E8EB1BF7F861}.Debug|Mixed Platforms.ActiveCfg = Debug|x86
		{E13651FD-91C8-4DC8-AF95-E8EB1BF7F861}.Debug|Mixed Platforms.Build.0 = Debug|x86
		{E13651FD-91C8-4DC8-AF95-E8EB1BF7F861}.Debug|x86.ActiveCfg = Debug|x86
		{E13651FD-91C8-4DC8-AF95-E8EB1BF7F861}.Debug|x86.Build.0 = Debug|x86
		{E13651FD-91C8-4DC8-AF95-E8EB1BF7F861}.Release|Any CPU.ActiveCfg = Release|x86
		{E13651FD-91C8-4DC8-AF95-E8EB1BF7F861}.Release|Mixed Platforms.ActiveCfg = Release|x86
		{E13651FD-91C8-4DC8-AF95-E8EB1BF7F861}.Release|Mixed Platforms.Build.0 = Release|x86
		{E13651FD-91C8-4DC8-AF95-E8EB1BF7F861}.Release|x86.ActiveCfg = Release|x86
		{E13651FD-91C8-4DC8-AF95-E8EB1BF7F861}.Release|x86.Build.0 = Release|x86
	EndGlobalSection
	GlobalSection(SolutionProperties) = preSolution
		HideSolutionNode = FALSE
	EndGlobalSection
EndGlobal
